
Microsoft Visual Studio Solution File, Format Version 12.00
# Visual Studio Version 16
VisualStudioVersion = 16.0.31105.61
MinimumVisualStudioVersion = 10.0.40219.1
Project("{9A19103F-16F7-4668-BE54-9A1E7A4F7556}") = "AppRickAndMorty", "AppRickAndMorty\AppRickAndMorty\AppRickAndMorty.csproj", "{A4F88CD1-CAD4-45C3-9DB0-F26B330B969B}"
EndProject
Project("{FAE04EC0-301F-11D3-BF4B-00C04F79EFBC}") = "AppRickAndMorty.Android", "AppRickAndMorty\AppRickAndMorty.Android\AppRickAndMorty.Android.csproj", "{59F4B48F-4703-403C-A4A5-21B9D9A422A2}"
EndProject
Project("{FAE04EC0-301F-11D3-BF4B-00C04F79EFBC}") = "AppRickAndMorty.iOS", "AppRickAndMorty\AppRickAndMorty.iOS\AppRickAndMorty.iOS.csproj", "{612BC301-CCF0-4765-9920-E0CC6C723121}"
EndProject
Project("{FAE04EC0-301F-11D3-BF4B-00C04F79EFBC}") = "TestProject1", "TestProject1\TestProject1.csproj", "{8F0051FF-6C1F-44A2-9E5A-1B9F78E2DB3C}"
EndProject
Global
	GlobalSection(SolutionConfigurationPlatforms) = preSolution
		Ad-Hoc|Any CPU = Ad-Hoc|Any CPU
		Ad-Hoc|iPhone = Ad-Hoc|iPhone
		Ad-Hoc|iPhoneSimulator = Ad-Hoc|iPhoneSimulator
		AppStore|Any CPU = AppStore|Any CPU
		AppStore|iPhone = AppStore|iPhone
		AppStore|iPhoneSimulator = AppStore|iPhoneSimulator
		Debug|Any CPU = Debug|Any CPU
		Debug|iPhone = Debug|iPhone
		Debug|iPhoneSimulator = Debug|iPhoneSimulator
		Release|Any CPU = Release|Any CPU
		Release|iPhone = Release|iPhone
		Release|iPhoneSimulator = Release|iPhoneSimulator
	EndGlobalSection
	GlobalSection(ProjectConfigurationPlatforms) = postSolution
		{A4F88CD1-CAD4-45C3-9DB0-F26B330B969B}.Ad-Hoc|Any CPU.ActiveCfg = Debug|Any CPU
		{A4F88CD1-CAD4-45C3-9DB0-F26B330B969B}.Ad-Hoc|Any CPU.Build.0 = Debug|Any CPU
		{A4F88CD1-CAD4-45C3-9DB0-F26B330B969B}.Ad-Hoc|iPhone.ActiveCfg = Debug|Any CPU
		{A4F88CD1-CAD4-45C3-9DB0-F26B330B969B}.Ad-Hoc|iPhone.Build.0 = Debug|Any CPU
		{A4F88CD1-CAD4-45C3-9DB0-F26B330B969B}.Ad-Hoc|iPhoneSimulator.ActiveCfg = Debug|Any CPU
		{A4F88CD1-CAD4-45C3-9DB0-F26B330B969B}.Ad-Hoc|iPhoneSimulator.Build.0 = Debug|Any CPU
		{A4F88CD1-CAD4-45C3-9DB0-F26B330B969B}.AppStore|Any CPU.ActiveCfg = Debug|Any CPU
		{A4F88CD1-CAD4-45C3-9DB0-F26B330B969B}.AppStore|Any CPU.Build.0 = Debug|Any CPU
		{A4F88CD1-CAD4-45C3-9DB0-F26B330B969B}.AppStore|iPhone.ActiveCfg = Debug|Any CPU
		{A4F88CD1-CAD4-45C3-9DB0-F26B330B969B}.AppStore|iPhone.Build.0 = Debug|Any CPU
		{A4F88CD1-CAD4-45C3-9DB0-F26B330B969B}.AppStore|iPhoneSimulator.ActiveCfg = Debug|Any CPU
		{A4F88CD1-CAD4-45C3-9DB0-F26B330B969B}.AppStore|iPhoneSimulator.Build.0 = Debug|Any CPU
		{A4F88CD1-CAD4-45C3-9DB0-F26B330B969B}.Debug|Any CPU.ActiveCfg = Debug|Any CPU
		{A4F88CD1-CAD4-45C3-9DB0-F26B330B969B}.Debug|Any CPU.Build.0 = Debug|Any CPU
		{A4F88CD1-CAD4-45C3-9DB0-F26B330B969B}.Debug|iPhone.ActiveCfg = Debug|Any CPU
		{A4F88CD1-CAD4-45C3-9DB0-F26B330B969B}.Debug|iPhone.Build.0 = Debug|Any CPU
		{A4F88CD1-CAD4-45C3-9DB0-F26B330B969B}.Debug|iPhoneSimulator.ActiveCfg = Debug|Any CPU
		{A4F88CD1-CAD4-45C3-9DB0-F26B330B969B}.Debug|iPhoneSimulator.Build.0 = Debug|Any CPU
		{A4F88CD1-CAD4-45C3-9DB0-F26B330B969B}.Release|Any CPU.ActiveCfg = Release|Any CPU
		{A4F88CD1-CAD4-45C3-9DB0-F26B330B969B}.Release|Any CPU.Build.0 = Release|Any CPU
		{A4F88CD1-CAD4-45C3-9DB0-F26B330B969B}.Release|iPhone.ActiveCfg = Release|Any CPU
		{A4F88CD1-CAD4-45C3-9DB0-F26B330B969B}.Release|iPhone.Build.0 = Release|Any CPU
		{A4F88CD1-CAD4-45C3-9DB0-F26B330B969B}.Release|iPhoneSimulator.ActiveCfg = Release|Any CPU
		{A4F88CD1-CAD4-45C3-9DB0-F26B330B969B}.Release|iPhoneSimulator.Build.0 = Release|Any CPU
		{59F4B48F-4703-403C-A4A5-21B9D9A422A2}.Ad-Hoc|Any CPU.ActiveCfg = Debug|Any CPU
		{59F4B48F-4703-403C-A4A5-21B9D9A422A2}.Ad-Hoc|Any CPU.Build.0 = Debug|Any CPU
		{59F4B48F-4703-403C-A4A5-21B9D9A422A2}.Ad-Hoc|Any CPU.Deploy.0 = Debug|Any CPU
		{59F4B48F-4703-403C-A4A5-21B9D9A422A2}.Ad-Hoc|iPhone.ActiveCfg = Debug|Any CPU
		{59F4B48F-4703-403C-A4A5-21B9D9A422A2}.Ad-Hoc|iPhone.Build.0 = Debug|Any CPU
		{59F4B48F-4703-403C-A4A5-21B9D9A422A2}.Ad-Hoc|iPhone.Deploy.0 = Debug|Any CPU
		{59F4B48F-4703-403C-A4A5-21B9D9A422A2}.Ad-Hoc|iPhoneSimulator.ActiveCfg = Debug|Any CPU
		{59F4B48F-4703-403C-A4A5-21B9D9A422A2}.Ad-Hoc|iPhoneSimulator.Build.0 = Debug|Any CPU
		{59F4B48F-4703-403C-A4A5-21B9D9A422A2}.Ad-Hoc|iPhoneSimulator.Deploy.0 = Debug|Any CPU
		{59F4B48F-4703-403C-A4A5-21B9D9A422A2}.AppStore|Any CPU.ActiveCfg = Debug|Any CPU
		{59F4B48F-4703-403C-A4A5-21B9D9A422A2}.AppStore|Any CPU.Build.0 = Debug|Any CPU
		{59F4B48F-4703-403C-A4A5-21B9D9A422A2}.AppStore|Any CPU.Deploy.0 = Debug|Any CPU
		{59F4B48F-4703-403C-A4A5-21B9D9A422A2}.AppStore|iPhone.ActiveCfg = Debug|Any CPU
		{59F4B48F-4703-403C-A4A5-21B9D9A422A2}.AppStore|iPhone.Build.0 = Debug|Any CPU
		{59F4B48F-4703-403C-A4A5-21B9D9A422A2}.AppStore|iPhone.Deploy.0 = Debug|Any CPU
		{59F4B48F-4703-403C-A4A5-21B9D9A422A2}.AppStore|iPhoneSimulator.ActiveCfg = Debug|Any CPU
		{59F4B48F-4703-403C-A4A5-21B9D9A422A2}.AppStore|iPhoneSimulator.Build.0 = Debug|Any CPU
		{59F4B48F-4703-403C-A4A5-21B9D9A422A2}.AppStore|iPhoneSimulator.Deploy.0 = Debug|Any CPU
		{59F4B48F-4703-403C-A4A5-21B9D9A422A2}.Debug|Any CPU.ActiveCfg = Debug|Any CPU
		{59F4B48F-4703-403C-A4A5-21B9D9A422A2}.Debug|Any CPU.Build.0 = Debug|Any CPU
		{59F4B48F-4703-403C-A4A5-21B9D9A422A2}.Debug|Any CPU.Deploy.0 = Debug|Any CPU
		{59F4B48F-4703-403C-A4A5-21B9D9A422A2}.Debug|iPhone.ActiveCfg = Debug|Any CPU
		{59F4B48F-4703-403C-A4A5-21B9D9A422A2}.Debug|iPhone.Build.0 = Debug|Any CPU
		{59F4B48F-4703-403C-A4A5-21B9D9A422A2}.Debug|iPhone.Deploy.0 = Debug|Any CPU
		{59F4B48F-4703-403C-A4A5-21B9D9A422A2}.Debug|iPhoneSimulator.ActiveCfg = Debug|Any CPU
		{59F4B48F-4703-403C-A4A5-21B9D9A422A2}.Debug|iPhoneSimulator.Build.0 = Debug|Any CPU
		{59F4B48F-4703-403C-A4A5-21B9D9A422A2}.Debug|iPhoneSimulator.Deploy.0 = Debug|Any CPU
		{59F4B48F-4703-403C-A4A5-21B9D9A422A2}.Release|Any CPU.ActiveCfg = Release|Any CPU
		{59F4B48F-4703-403C-A4A5-21B9D9A422A2}.Release|Any CPU.Build.0 = Release|Any CPU
		{59F4B48F-4703-403C-A4A5-21B9D9A422A2}.Release|Any CPU.Deploy.0 = Release|Any CPU
		{59F4B48F-4703-403C-A4A5-21B9D9A422A2}.Release|iPhone.ActiveCfg = Release|Any CPU
		{59F4B48F-4703-403C-A4A5-21B9D9A422A2}.Release|iPhone.Build.0 = Release|Any CPU
		{59F4B48F-4703-403C-A4A5-21B9D9A422A2}.Release|iPhone.Deploy.0 = Release|Any CPU
		{59F4B48F-4703-403C-A4A5-21B9D9A422A2}.Release|iPhoneSimulator.ActiveCfg = Release|Any CPU
		{59F4B48F-4703-403C-A4A5-21B9D9A422A2}.Release|iPhoneSimulator.Build.0 = Release|Any CPU
		{59F4B48F-4703-403C-A4A5-21B9D9A422A2}.Release|iPhoneSimulator.Deploy.0 = Release|Any CPU
		{612BC301-CCF0-4765-9920-E0CC6C723121}.Ad-Hoc|Any CPU.ActiveCfg = Ad-Hoc|iPhoneSimulator
		{612BC301-CCF0-4765-9920-E0CC6C723121}.Ad-Hoc|iPhone.ActiveCfg = Ad-Hoc|iPhone
		{612BC301-CCF0-4765-9920-E0CC6C723121}.Ad-Hoc|iPhone.Build.0 = Ad-Hoc|iPhone
		{612BC301-CCF0-4765-9920-E0CC6C723121}.Ad-Hoc|iPhoneSimulator.ActiveCfg = Ad-Hoc|iPhoneSimulator
		{612BC301-CCF0-4765-9920-E0CC6C723121}.Ad-Hoc|iPhoneSimulator.Build.0 = Ad-Hoc|iPhoneSimulator
		{612BC301-CCF0-4765-9920-E0CC6C723121}.AppStore|Any CPU.ActiveCfg = AppStore|iPhoneSimulator
		{612BC301-CCF0-4765-9920-E0CC6C723121}.AppStore|iPhone.ActiveCfg = AppStore|iPhone
		{612BC301-CCF0-4765-9920-E0CC6C723121}.AppStore|iPhone.Build.0 = AppStore|iPhone
		{612BC301-CCF0-4765-9920-E0CC6C723121}.AppStore|iPhoneSimulator.ActiveCfg = AppStore|iPhoneSimulator
		{612BC301-CCF0-4765-9920-E0CC6C723121}.AppStore|iPhoneSimulator.Build.0 = AppStore|iPhoneSimulator
		{612BC301-CCF0-4765-9920-E0CC6C723121}.Debug|Any CPU.ActiveCfg = Debug|iPhoneSimulator
		{612BC301-CCF0-4765-9920-E0CC6C723121}.Debug|iPhone.ActiveCfg = Debug|iPhone
		{612BC301-CCF0-4765-9920-E0CC6C723121}.Debug|iPhone.Build.0 = Debug|iPhone
		{612BC301-CCF0-4765-9920-E0CC6C723121}.Debug|iPhoneSimulator.ActiveCfg = Debug|iPhoneSimulator
		{612BC301-CCF0-4765-9920-E0CC6C723121}.Debug|iPhoneSimulator.Build.0 = Debug|iPhoneSimulator
		{612BC301-CCF0-4765-9920-E0CC6C723121}.Release|Any CPU.ActiveCfg = Release|iPhoneSimulator
		{612BC301-CCF0-4765-9920-E0CC6C723121}.Release|iPhone.ActiveCfg = Release|iPhone
		{612BC301-CCF0-4765-9920-E0CC6C723121}.Release|iPhone.Build.0 = Release|iPhone
		{612BC301-CCF0-4765-9920-E0CC6C723121}.Release|iPhoneSimulator.ActiveCfg = Release|iPhoneSimulator
		{612BC301-CCF0-4765-9920-E0CC6C723121}.Release|iPhoneSimulator.Build.0 = Release|iPhoneSimulator
		{8F0051FF-6C1F-44A2-9E5A-1B9F78E2DB3C}.Ad-Hoc|Any CPU.ActiveCfg = Debug|Any CPU
		{8F0051FF-6C1F-44A2-9E5A-1B9F78E2DB3C}.Ad-Hoc|Any CPU.Build.0 = Debug|Any CPU
		{8F0051FF-6C1F-44A2-9E5A-1B9F78E2DB3C}.Ad-Hoc|iPhone.ActiveCfg = Debug|Any CPU
		{8F0051FF-6C1F-44A2-9E5A-1B9F78E2DB3C}.Ad-Hoc|iPhone.Build.0 = Debug|Any CPU
		{8F0051FF-6C1F-44A2-9E5A-1B9F78E2DB3C}.Ad-Hoc|iPhoneSimulator.ActiveCfg = Debug|Any CPU
		{8F0051FF-6C1F-44A2-9E5A-1B9F78E2DB3C}.Ad-Hoc|iPhoneSimulator.Build.0 = Debug|Any CPU
		{8F0051FF-6C1F-44A2-9E5A-1B9F78E2DB3C}.AppStore|Any CPU.ActiveCfg = Debug|Any CPU
		{8F0051FF-6C1F-44A2-9E5A-1B9F78E2DB3C}.AppStore|Any CPU.Build.0 = Debug|Any CPU
		{8F0051FF-6C1F-44A2-9E5A-1B9F78E2DB3C}.AppStore|iPhone.ActiveCfg = Debug|Any CPU
		{8F0051FF-6C1F-44A2-9E5A-1B9F78E2DB3C}.AppStore|iPhone.Build.0 = Debug|Any CPU
		{8F0051FF-6C1F-44A2-9E5A-1B9F78E2DB3C}.AppStore|iPhoneSimulator.ActiveCfg = Debug|Any CPU
		{8F0051FF-6C1F-44A2-9E5A-1B9F78E2DB3C}.AppStore|iPhoneSimulator.Build.0 = Debug|Any CPU
		{8F0051FF-6C1F-44A2-9E5A-1B9F78E2DB3C}.Debug|Any CPU.ActiveCfg = Debug|Any CPU
		{8F0051FF-6C1F-44A2-9E5A-1B9F78E2DB3C}.Debug|Any CPU.Build.0 = Debug|Any CPU
		{8F0051FF-6C1F-44A2-9E5A-1B9F78E2DB3C}.Debug|iPhone.ActiveCfg = Debug|Any CPU
		{8F0051FF-6C1F-44A2-9E5A-1B9F78E2DB3C}.Debug|iPhone.Build.0 = Debug|Any CPU
		{8F0051FF-6C1F-44A2-9E5A-1B9F78E2DB3C}.Debug|iPhoneSimulator.ActiveCfg = Debug|Any CPU
		{8F0051FF-6C1F-44A2-9E5A-1B9F78E2DB3C}.Debug|iPhoneSimulator.Build.0 = Debug|Any CPU
		{8F0051FF-6C1F-44A2-9E5A-1B9F78E2DB3C}.Release|Any CPU.ActiveCfg = Release|Any CPU
		{8F0051FF-6C1F-44A2-9E5A-1B9F78E2DB3C}.Release|Any CPU.Build.0 = Release|Any CPU
		{8F0051FF-6C1F-44A2-9E5A-1B9F78E2DB3C}.Release|iPhone.ActiveCfg = Release|Any CPU
		{8F0051FF-6C1F-44A2-9E5A-1B9F78E2DB3C}.Release|iPhone.Build.0 = Release|Any CPU
		{8F0051FF-6C1F-44A2-9E5A-1B9F78E2DB3C}.Release|iPhoneSimulator.ActiveCfg = Release|Any CPU
		{8F0051FF-6C1F-44A2-9E5A-1B9F78E2DB3C}.Release|iPhoneSimulator.Build.0 = Release|Any CPU
	EndGlobalSection
	GlobalSection(SolutionProperties) = preSolution
		HideSolutionNode = FALSE
	EndGlobalSection
	GlobalSection(ExtensibilityGlobals) = postSolution
		SolutionGuid = {B7D59E95-8102-4CC8-BC45-0C30D4C7DB88}
	EndGlobalSection
EndGlobal
